
Microsoft Visual Studio Solution File, Format Version 12.00
# Visual Studio Version 16
VisualStudioVersion = 16.0.35325.158
MinimumVisualStudioVersion = 10.0.40219.1
Project("{FAE04EC0-301F-11D3-BF4B-00C04F79EFBC}") = "Insert_image_in_C_Sharp", "Insert_image_in_C_Sharp.csproj", "{382C3A97-A079-4149-8074-262E51D67C68}"
EndProject
Global
	GlobalSection(SolutionConfigurationPlatforms) = preSolution
		Debug|Any CPU = Debug|Any CPU
		Release|Any CPU = Release|Any CPU
	EndGlobalSection
	GlobalSection(ProjectConfigurationPlatforms) = postSolution
		{382C3A97-A079-4149-8074-262E51D67C68}.Debug|Any CPU.ActiveCfg = Debug|Any CPU
		{382C3A97-A079-4149-8074-262E51D67C68}.Debug|Any CPU.Build.0 = Debug|Any CPU
		{382C3A97-A079-4149-8074-262E51D67C68}.Release|Any CPU.ActiveCfg = Release|Any CPU
		{382C3A97-A079-4149-8074-262E51D67C68}.Release|Any CPU.Build.0 = Release|Any CPU
	EndGlobalSection
	GlobalSection(SolutionProperties) = preSolution
		HideSolutionNode = FALSE
	EndGlobalSection
	GlobalSection(ExtensibilityGlobals) = postSolution
		SolutionGuid = {F72E2031-B852-4290-A58E-C1DE975C3930}
	EndGlobalSection
EndGlobal
